// !$*UTF8*$!
{
	archiveVersion = 1;
	classes = {
	};
	objectVersion = 55;
	objects = {

/* Begin PBXBuildFile section */
		145B4D7528C5E458005DD443 /* MultiNetworkManager.swift in Sources */ = {isa = PBXBuildFile; fileRef = 145B4D7428C5E458005DD443 /* MultiNetworkManager.swift */; };
		145B4D7728C5E4C9005DD443 /* API.swift in Sources */ = {isa = PBXBuildFile; fileRef = 145B4D7628C5E4C9005DD443 /* API.swift */; };
		145B4D7928C5E9DD005DD443 /* APODListView.swift in Sources */ = {isa = PBXBuildFile; fileRef = 145B4D7828C5E9DD005DD443 /* APODListView.swift */; };
		145B4D7B28C5EB8F005DD443 /* APODRow.swift in Sources */ = {isa = PBXBuildFile; fileRef = 145B4D7A28C5EB8F005DD443 /* APODRow.swift */; };
		145B4D7D28C5F962005DD443 /* APODDetailView.swift in Sources */ = {isa = PBXBuildFile; fileRef = 145B4D7C28C5F962005DD443 /* APODDetailView.swift */; };
		145B4D8328C647E3005DD443 /* LoadingAnimation.swift in Sources */ = {isa = PBXBuildFile; fileRef = 145B4D8228C647E3005DD443 /* LoadingAnimation.swift */; };
		145DA20D28C4E005008B516D /* PhotoInfo.swift in Sources */ = {isa = PBXBuildFile; fileRef = 145DA20C28C4E005008B516D /* PhotoInfo.swift */; };
		145DA20F28C51A34008B516D /* SelectDateView.swift in Sources */ = {isa = PBXBuildFile; fileRef = 145DA20E28C51A34008B516D /* SelectDateView.swift */; };
		14EC749728C4CEE800C4661C /* AstroPictureApp.swift in Sources */ = {isa = PBXBuildFile; fileRef = 14EC749628C4CEE800C4661C /* AstroPictureApp.swift */; };
		14EC749928C4CEE800C4661C /* ContentView.swift in Sources */ = {isa = PBXBuildFile; fileRef = 14EC749828C4CEE800C4661C /* ContentView.swift */; };
		14EC749B28C4CEEA00C4661C /* Assets.xcassets in Resources */ = {isa = PBXBuildFile; fileRef = 14EC749A28C4CEEA00C4661C /* Assets.xcassets */; };
		14EC749E28C4CEEA00C4661C /* Preview Assets.xcassets in Resources */ = {isa = PBXBuildFile; fileRef = 14EC749D28C4CEEA00C4661C /* Preview Assets.xcassets */; };
		14EC74AA28C4D00E00C4661C /* NetworkManager.swift in Sources */ = {isa = PBXBuildFile; fileRef = 14EC74A928C4D00E00C4661C /* NetworkManager.swift */; };
		14EC74AC28C4D12100C4661C /* Constants.swift in Sources */ = {isa = PBXBuildFile; fileRef = 14EC74AB28C4D12100C4661C /* Constants.swift */; };
		14EC74AE28C4D25E00C4661C /* URL Helper.swift in Sources */ = {isa = PBXBuildFile; fileRef = 14EC74AD28C4D25E00C4661C /* URL Helper.swift */; };
		14EC74B028C4D7EC00C4661C /* PicOfTodayView.swift in Sources */ = {isa = PBXBuildFile; fileRef = 14EC74AF28C4D7EC00C4661C /* PicOfTodayView.swift */; };
/* End PBXBuildFile section */

/* Begin PBXFileReference section */
		145B4D7428C5E458005DD443 /* MultiNetworkManager.swift */ = {isa = PBXFileReference; lastKnownFileType = sourcecode.swift; path = MultiNetworkManager.swift; sourceTree = "<group>"; };
		145B4D7628C5E4C9005DD443 /* API.swift */ = {isa = PBXFileReference; lastKnownFileType = sourcecode.swift; path = API.swift; sourceTree = "<group>"; };
		145B4D7828C5E9DD005DD443 /* APODListView.swift */ = {isa = PBXFileReference; lastKnownFileType = sourcecode.swift; path = APODListView.swift; sourceTree = "<group>"; };
		145B4D7A28C5EB8F005DD443 /* APODRow.swift */ = {isa = PBXFileReference; lastKnownFileType = sourcecode.swift; path = APODRow.swift; sourceTree = "<group>"; };
		145B4D7C28C5F962005DD443 /* APODDetailView.swift */ = {isa = PBXFileReference; lastKnownFileType = sourcecode.swift; path = APODDetailView.swift; sourceTree = "<group>"; };
		145B4D8228C647E3005DD443 /* LoadingAnimation.swift */ = {isa = PBXFileReference; lastKnownFileType = sourcecode.swift; path = LoadingAnimation.swift; sourceTree = "<group>"; };
		145DA20C28C4E005008B516D /* PhotoInfo.swift */ = {isa = PBXFileReference; lastKnownFileType = sourcecode.swift; path = PhotoInfo.swift; sourceTree = "<group>"; };
		145DA20E28C51A34008B516D /* SelectDateView.swift */ = {isa = PBXFileReference; lastKnownFileType = sourcecode.swift; path = SelectDateView.swift; sourceTree = "<group>"; };
		14EC749328C4CEE800C4661C /* AstroPicture.app */ = {isa = PBXFileReference; explicitFileType = wrapper.application; includeInIndex = 0; path = AstroPicture.app; sourceTree = BUILT_PRODUCTS_DIR; };
		14EC749628C4CEE800C4661C /* AstroPictureApp.swift */ = {isa = PBXFileReference; lastKnownFileType = sourcecode.swift; path = AstroPictureApp.swift; sourceTree = "<group>"; };
		14EC749828C4CEE800C4661C /* ContentView.swift */ = {isa = PBXFileReference; lastKnownFileType = sourcecode.swift; path = ContentView.swift; sourceTree = "<group>"; };
		14EC749A28C4CEEA00C4661C /* Assets.xcassets */ = {isa = PBXFileReference; lastKnownFileType = folder.assetcatalog; path = Assets.xcassets; sourceTree = "<group>"; };
		14EC749D28C4CEEA00C4661C /* Preview Assets.xcassets */ = {isa = PBXFileReference; lastKnownFileType = folder.assetcatalog; path = "Preview Assets.xcassets"; sourceTree = "<group>"; };
		14EC74A928C4D00E00C4661C /* NetworkManager.swift */ = {isa = PBXFileReference; lastKnownFileType = sourcecode.swift; path = NetworkManager.swift; sourceTree = "<group>"; };
		14EC74AB28C4D12100C4661C /* Constants.swift */ = {isa = PBXFileReference; lastKnownFileType = sourcecode.swift; path = Constants.swift; sourceTree = "<group>"; };
		14EC74AD28C4D25E00C4661C /* URL Helper.swift */ = {isa = PBXFileReference; lastKnownFileType = sourcecode.swift; path = "URL Helper.swift"; sourceTree = "<group>"; };
		14EC74AF28C4D7EC00C4661C /* PicOfTodayView.swift */ = {isa = PBXFileReference; lastKnownFileType = sourcecode.swift; path = PicOfTodayView.swift; sourceTree = "<group>"; };
/* End PBXFileReference section */

/* Begin PBXFrameworksBuildPhase section */
		14EC749028C4CEE800C4661C /* Frameworks */ = {
			isa = PBXFrameworksBuildPhase;
			buildActionMask = 2147483647;
			files = (
			);
			runOnlyForDeploymentPostprocessing = 0;
		};
/* End PBXFrameworksBuildPhase section */

/* Begin PBXGroup section */
		14EC748A28C4CEE800C4661C = {
			isa = PBXGroup;
			children = (
				14EC749528C4CEE800C4661C /* AstroPicture */,
				14EC749428C4CEE800C4661C /* Products */,
			);
			sourceTree = "<group>";
		};
		14EC749428C4CEE800C4661C /* Products */ = {
			isa = PBXGroup;
			children = (
				14EC749328C4CEE800C4661C /* AstroPicture.app */,
			);
			name = Products;
			sourceTree = "<group>";
		};
		14EC749528C4CEE800C4661C /* AstroPicture */ = {
			isa = PBXGroup;
			children = (
				14EC749628C4CEE800C4661C /* AstroPictureApp.swift */,
				14EC749828C4CEE800C4661C /* ContentView.swift */,
				14EC74A428C4CFBA00C4661C /* Model */,
				14EC74A728C4CFD900C4661C /* VIews */,
				14EC74A828C4CFE700C4661C /* ViewModels */,
				14EC749A28C4CEEA00C4661C /* Assets.xcassets */,
				14EC749C28C4CEEA00C4661C /* Preview Content */,
			);
			path = AstroPicture;
			sourceTree = "<group>";
		};
		14EC749C28C4CEEA00C4661C /* Preview Content */ = {
			isa = PBXGroup;
			children = (
				14EC749D28C4CEEA00C4661C /* Preview Assets.xcassets */,
			);
			path = "Preview Content";
			sourceTree = "<group>";
		};
		14EC74A428C4CFBA00C4661C /* Model */ = {
			isa = PBXGroup;
			children = (
				145DA20C28C4E005008B516D /* PhotoInfo.swift */,
			);
			path = Model;
			sourceTree = "<group>";
		};
		14EC74A728C4CFD900C4661C /* VIews */ = {
			isa = PBXGroup;
			children = (
				14EC74AF28C4D7EC00C4661C /* PicOfTodayView.swift */,
				145DA20E28C51A34008B516D /* SelectDateView.swift */,
				145B4D7828C5E9DD005DD443 /* APODListView.swift */,
				145B4D7A28C5EB8F005DD443 /* APODRow.swift */,
				145B4D7C28C5F962005DD443 /* APODDetailView.swift */,
				145B4D8228C647E3005DD443 /* LoadingAnimation.swift */,
			);
			path = VIews;
			sourceTree = "<group>";
		};
		14EC74A828C4CFE700C4661C /* ViewModels */ = {
			isa = PBXGroup;
			children = (
				14EC74A928C4D00E00C4661C /* NetworkManager.swift */,
				145B4D7428C5E458005DD443 /* MultiNetworkManager.swift */,
				14EC74AB28C4D12100C4661C /* Constants.swift */,
				14EC74AD28C4D25E00C4661C /* URL Helper.swift */,
				145B4D7628C5E4C9005DD443 /* API.swift */,
			);
			path = ViewModels;
			sourceTree = "<group>";
		};
/* End PBXGroup section */

/* Begin PBXNativeTarget section */
		14EC749228C4CEE800C4661C /* AstroPicture */ = {
			isa = PBXNativeTarget;
			buildConfigurationList = 14EC74A128C4CEEA00C4661C /* Build configuration list for PBXNativeTarget "AstroPicture" */;
			buildPhases = (
				14EC748F28C4CEE800C4661C /* Sources */,
				14EC749028C4CEE800C4661C /* Frameworks */,
				14EC749128C4CEE800C4661C /* Resources */,
			);
			buildRules = (
			);
			dependencies = (
			);
			name = AstroPicture;
			productName = AstroPicture;
			productReference = 14EC749328C4CEE800C4661C /* AstroPicture.app */;
			productType = "com.apple.product-type.application";
		};
/* End PBXNativeTarget section */

/* Begin PBXProject section */
		14EC748B28C4CEE800C4661C /* Project object */ = {
			isa = PBXProject;
			attributes = {
				BuildIndependentTargetsInParallel = 1;
				LastSwiftUpdateCheck = 1340;
				LastUpgradeCheck = 1340;
				TargetAttributes = {
					14EC749228C4CEE800C4661C = {
						CreatedOnToolsVersion = 13.4.1;
					};
				};
			};
			buildConfigurationList = 14EC748E28C4CEE800C4661C /* Build configuration list for PBXProject "AstroPicture" */;
			compatibilityVersion = "Xcode 13.0";
			developmentRegion = en;
			hasScannedForEncodings = 0;
			knownRegions = (
				en,
				Base,
			);
			mainGroup = 14EC748A28C4CEE800C4661C;
			productRefGroup = 14EC749428C4CEE800C4661C /* Products */;
			projectDirPath = "";
			projectRoot = "";
			targets = (
				14EC749228C4CEE800C4661C /* AstroPicture */,
			);
		};
/* End PBXProject section */

/* Begin PBXResourcesBuildPhase section */
		14EC749128C4CEE800C4661C /* Resources */ = {
			isa = PBXResourcesBuildPhase;
			buildActionMask = 2147483647;
			files = (
				14EC749E28C4CEEA00C4661C /* Preview Assets.xcassets in Resources */,
				14EC749B28C4CEEA00C4661C /* Assets.xcassets in Resources */,
			);
			runOnlyForDeploymentPostprocessing = 0;
		};
/* End PBXResourcesBuildPhase section */

/* Begin PBXSourcesBuildPhase section */
		14EC748F28C4CEE800C4661C /* Sources */ = {
			isa = PBXSourcesBuildPhase;
			buildActionMask = 2147483647;
			files = (
				145B4D8328C647E3005DD443 /* LoadingAnimation.swift in Sources */,
				145B4D7728C5E4C9005DD443 /* API.swift in Sources */,
				145DA20F28C51A34008B516D /* SelectDateView.swift in Sources */,
				145DA20D28C4E005008B516D /* PhotoInfo.swift in Sources */,
				145B4D7D28C5F962005DD443 /* APODDetailView.swift in Sources */,
				145B4D7528C5E458005DD443 /* MultiNetworkManager.swift in Sources */,
				145B4D7928C5E9DD005DD443 /* APODListView.swift in Sources */,
				145B4D7B28C5EB8F005DD443 /* APODRow.swift in Sources */,
				14EC74AA28C4D00E00C4661C /* NetworkManager.swift in Sources */,
				14EC74AE28C4D25E00C4661C /* URL Helper.swift in Sources */,
				14EC74B028C4D7EC00C4661C /* PicOfTodayView.swift in Sources */,
				14EC749928C4CEE800C4661C /* ContentView.swift in Sources */,
				14EC749728C4CEE800C4661C /* AstroPictureApp.swift in Sources */,
				14EC74AC28C4D12100C4661C /* Constants.swift in Sources */,
			);
			runOnlyForDeploymentPostprocessing = 0;
		};
/* End PBXSourcesBuildPhase section */

/* Begin XCBuildConfiguration section */
		14EC749F28C4CEEA00C4661C /* Debug */ = {
			isa = XCBuildConfiguration;
			buildSettings = {
				ALWAYS_SEARCH_USER_PATHS = NO;
				CLANG_ANALYZER_NONNULL = YES;
				CLANG_ANALYZER_NUMBER_OBJECT_CONVERSION = YES_AGGRESSIVE;
				CLANG_CXX_LANGUAGE_STANDARD = "gnu++17";
				CLANG_ENABLE_MODULES = YES;
				CLANG_ENABLE_OBJC_ARC = YES;
				CLANG_ENABLE_OBJC_WEAK = YES;
				CLANG_WARN_BLOCK_CAPTURE_AUTORELEASING = YES;
				CLANG_WARN_BOOL_CONVERSION = YES;
				CLANG_WARN_COMMA = YES;
				CLANG_WARN_CONSTANT_CONVERSION = YES;
				CLANG_WARN_DEPRECATED_OBJC_IMPLEMENTATIONS = YES;
				CLANG_WARN_DIRECT_OBJC_ISA_USAGE = YES_ERROR;
				CLANG_WARN_DOCUMENTATION_COMMENTS = YES;
				CLANG_WARN_EMPTY_BODY = YES;
				CLANG_WARN_ENUM_CONVERSION = YES;
				CLANG_WARN_INFINITE_RECURSION = YES;
				CLANG_WARN_INT_CONVERSION = YES;
				CLANG_WARN_NON_LITERAL_NULL_CONVERSION = YES;
				CLANG_WARN_OBJC_IMPLICIT_RETAIN_SELF = YES;
				CLANG_WARN_OBJC_LITERAL_CONVERSION = YES;
				CLANG_WARN_OBJC_ROOT_CLASS = YES_ERROR;
				CLANG_WARN_QUOTED_INCLUDE_IN_FRAMEWORK_HEADER = YES;
				CLANG_WARN_RANGE_LOOP_ANALYSIS = YES;
				CLANG_WARN_STRICT_PROTOTYPES = YES;
				CLANG_WARN_SUSPICIOUS_MOVE = YES;
				CLANG_WARN_UNGUARDED_AVAILABILITY = YES_AGGRESSIVE;
				CLANG_WARN_UNREACHABLE_CODE = YES;
				CLANG_WARN__DUPLICATE_METHOD_MATCH = YES;
				COPY_PHASE_STRIP = NO;
				DEBUG_INFORMATION_FORMAT = dwarf;
				ENABLE_STRICT_OBJC_MSGSEND = YES;
				ENABLE_TESTABILITY = YES;
				GCC_C_LANGUAGE_STANDARD = gnu11;
				GCC_DYNAMIC_NO_PIC = NO;
				GCC_NO_COMMON_BLOCKS = YES;
				GCC_OPTIMIZATION_LEVEL = 0;
				GCC_PREPROCESSOR_DEFINITIONS = (
					"DEBUG=1",
					"$(inherited)",
				);
				GCC_WARN_64_TO_32_BIT_CONVERSION = YES;
				GCC_WARN_ABOUT_RETURN_TYPE = YES_ERROR;
				GCC_WARN_UNDECLARED_SELECTOR = YES;
				GCC_WARN_UNINITIALIZED_AUTOS = YES_AGGRESSIVE;
				GCC_WARN_UNUSED_FUNCTION = YES;
				GCC_WARN_UNUSED_VARIABLE = YES;
				IPHONEOS_DEPLOYMENT_TARGET = 15.5;
				MTL_ENABLE_DEBUG_INFO = INCLUDE_SOURCE;
				MTL_FAST_MATH = YES;
				ONLY_ACTIVE_ARCH = YES;
				SDKROOT = iphoneos;
				SWIFT_ACTIVE_COMPILATION_CONDITIONS = DEBUG;
				SWIFT_OPTIMIZATION_LEVEL = "-Onone";
			};
			name = Debug;
		};
		14EC74A028C4CEEA00C4661C /* Release */ = {
			isa = XCBuildConfiguration;
			buildSettings = {
				ALWAYS_SEARCH_USER_PATHS = NO;
				CLANG_ANALYZER_NONNULL = YES;
				CLANG_ANALYZER_NUMBER_OBJECT_CONVERSION = YES_AGGRESSIVE;
				CLANG_CXX_LANGUAGE_STANDARD = "gnu++17";
				CLANG_ENABLE_MODULES = YES;
				CLANG_ENABLE_OBJC_ARC = YES;
				CLANG_ENABLE_OBJC_WEAK = YES;
				CLANG_WARN_BLOCK_CAPTURE_AUTORELEASING = YES;
				CLANG_WARN_BOOL_CONVERSION = YES;
				CLANG_WARN_COMMA = YES;
				CLANG_WARN_CONSTANT_CONVERSION = YES;
				CLANG_WARN_DEPRECATED_OBJC_IMPLEMENTATIONS = YES;
				CLANG_WARN_DIRECT_OBJC_ISA_USAGE = YES_ERROR;
				CLANG_WARN_DOCUMENTATION_COMMENTS = YES;
				CLANG_WARN_EMPTY_BODY = YES;
				CLANG_WARN_ENUM_CONVERSION = YES;
				CLANG_WARN_INFINITE_RECURSION = YES;
				CLANG_WARN_INT_CONVERSION = YES;
				CLANG_WARN_NON_LITERAL_NULL_CONVERSION = YES;
				CLANG_WARN_OBJC_IMPLICIT_RETAIN_SELF = YES;
				CLANG_WARN_OBJC_LITERAL_CONVERSION = YES;
				CLANG_WARN_OBJC_ROOT_CLASS = YES_ERROR;
				CLANG_WARN_QUOTED_INCLUDE_IN_FRAMEWORK_HEADER = YES;
				CLANG_WARN_RANGE_LOOP_ANALYSIS = YES;
				CLANG_WARN_STRICT_PROTOTYPES = YES;
				CLANG_WARN_SUSPICIOUS_MOVE = YES;
				CLANG_WARN_UNGUARDED_AVAILABILITY = YES_AGGRESSIVE;
				CLANG_WARN_UNREACHABLE_CODE = YES;
				CLANG_WARN__DUPLICATE_METHOD_MATCH = YES;
				COPY_PHASE_STRIP = NO;
				DEBUG_INFORMATION_FORMAT = "dwarf-with-dsym";
				ENABLE_NS_ASSERTIONS = NO;
				ENABLE_STRICT_OBJC_MSGSEND = YES;
				GCC_C_LANGUAGE_STANDARD = gnu11;
				GCC_NO_COMMON_BLOCKS = YES;
				GCC_WARN_64_TO_32_BIT_CONVERSION = YES;
				GCC_WARN_ABOUT_RETURN_TYPE = YES_ERROR;
				GCC_WARN_UNDECLARED_SELECTOR = YES;
				GCC_WARN_UNINITIALIZED_AUTOS = YES_AGGRESSIVE;
				GCC_WARN_UNUSED_FUNCTION = YES;
				GCC_WARN_UNUSED_VARIABLE = YES;
				IPHONEOS_DEPLOYMENT_TARGET = 15.5;
				MTL_ENABLE_DEBUG_INFO = NO;
				MTL_FAST_MATH = YES;
				SDKROOT = iphoneos;
				SWIFT_COMPILATION_MODE = wholemodule;
				SWIFT_OPTIMIZATION_LEVEL = "-O";
				VALIDATE_PRODUCT = YES;
			};
			name = Release;
		};
		14EC74A228C4CEEA00C4661C /* Debug */ = {
			isa = XCBuildConfiguration;
			buildSettings = {
				ASSETCATALOG_COMPILER_APPICON_NAME = AppIcon;
				ASSETCATALOG_COMPILER_GLOBAL_ACCENT_COLOR_NAME = AccentColor;
				CODE_SIGN_STYLE = Automatic;
				CURRENT_PROJECT_VERSION = 1;
				DEVELOPMENT_ASSET_PATHS = "\"AstroPicture/Preview Content\"";
				DEVELOPMENT_TEAM = 5PA42A853Q;
				ENABLE_PREVIEWS = YES;
				GENERATE_INFOPLIST_FILE = YES;
				INFOPLIST_KEY_UIApplicationSceneManifest_Generation = YES;
				INFOPLIST_KEY_UIApplicationSupportsIndirectInputEvents = YES;
				INFOPLIST_KEY_UILaunchScreen_Generation = YES;
				INFOPLIST_KEY_UISupportedInterfaceOrientations_iPad = "UIInterfaceOrientationPortrait UIInterfaceOrientationPortraitUpsideDown UIInterfaceOrientationLandscapeLeft UIInterfaceOrientationLandscapeRight";
				INFOPLIST_KEY_UISupportedInterfaceOrientations_iPhone = "UIInterfaceOrientationPortrait UIInterfaceOrientationLandscapeLeft UIInterfaceOrientationLandscapeRight";
				LD_RUNPATH_SEARCH_PATHS = (
					"$(inherited)",
					"@executable_path/Frameworks",
				);
				MARKETING_VERSION = 1.0;
				PRODUCT_BUNDLE_IDENTIFIER = VadimShinkarenko.AstroPicture;
				PRODUCT_NAME = "$(TARGET_NAME)";
				SWIFT_EMIT_LOC_STRINGS = YES;
				SWIFT_VERSION = 5.0;
				TARGETED_DEVICE_FAMILY = "1,2";
			};
			name = Debug;
		};
		14EC74A328C4CEEA00C4661C /* Release */ = {
			isa = XCBuildConfiguration;
			buildSettings = {
				ASSETCATALOG_COMPILER_APPICON_NAME = AppIcon;
				ASSETCATALOG_COMPILER_GLOBAL_ACCENT_COLOR_NAME = AccentColor;
				CODE_SIGN_STYLE = Automatic;
				CURRENT_PROJECT_VERSION = 1;
				DEVELOPMENT_ASSET_PATHS = "\"AstroPicture/Preview Content\"";
				DEVELOPMENT_TEAM = 5PA42A853Q;
				ENABLE_PREVIEWS = YES;
				GENERATE_INFOPLIST_FILE = YES;
				INFOPLIST_KEY_UIApplicationSceneManifest_Generation = YES;
				INFOPLIST_KEY_UIApplicationSupportsIndirectInputEvents = YES;
				INFOPLIST_KEY_UILaunchScreen_Generation = YES;
				INFOPLIST_KEY_UISupportedInterfaceOrientations_iPad = "UIInterfaceOrientationPortrait UIInterfaceOrientationPortraitUpsideDown UIInterfaceOrientationLandscapeLeft UIInterfaceOrientationLandscapeRight";
				INFOPLIST_KEY_UISupportedInterfaceOrientations_iPhone = "UIInterfaceOrientationPortrait UIInterfaceOrientationLandscapeLeft UIInterfaceOrientationLandscapeRight";
				LD_RUNPATH_SEARCH_PATHS = (
					"$(inherited)",
					"@executable_path/Frameworks",
				);
				MARKETING_VERSION = 1.0;
				PRODUCT_BUNDLE_IDENTIFIER = VadimShinkarenko.AstroPicture;
				PRODUCT_NAME = "$(TARGET_NAME)";
				SWIFT_EMIT_LOC_STRINGS = YES;
				SWIFT_VERSION = 5.0;
				TARGETED_DEVICE_FAMILY = "1,2";
			};
			name = Release;
		};
/* End XCBuildConfiguration section */

/* Begin XCConfigurationList section */
		14EC748E28C4CEE800C4661C /* Build configuration list for PBXProject "AstroPicture" */ = {
			isa = XCConfigurationList;
			buildConfigurations = (
				14EC749F28C4CEEA00C4661C /* Debug */,
				14EC74A028C4CEEA00C4661C /* Release */,
			);
			defaultConfigurationIsVisible = 0;
			defaultConfigurationName = Release;
		};
		14EC74A128C4CEEA00C4661C /* Build configuration list for PBXNativeTarget "AstroPicture" */ = {
			isa = XCConfigurationList;
			buildConfigurations = (
				14EC74A228C4CEEA00C4661C /* Debug */,
				14EC74A328C4CEEA00C4661C /* Release */,
			);
			defaultConfigurationIsVisible = 0;
			defaultConfigurationName = Release;
		};
/* End XCConfigurationList section */
	};
	rootObject = 14EC748B28C4CEE800C4661C /* Project object */;
}
